
Microsoft Visual Studio Solution File, Format Version 12.00
# Visual Studio Version 16
VisualStudioVersion = 16.0.30804.86
MinimumVisualStudioVersion = 10.0.40219.1
Project("{FAE04EC0-301F-11D3-BF4B-00C04F79EFBC}") = "CRUDMVCEF", "CRUDMVCEF.csproj", "{83D0BCD4-88EB-435C-A9AC-1D9CA3772FFC}"
EndProject
Global
	GlobalSection(SolutionConfigurationPlatforms) = preSolution
		Debug|Any CPU = Debug|Any CPU
		Release|Any CPU = Release|Any CPU
	EndGlobalSection
	GlobalSection(ProjectConfigurationPlatforms) = postSolution
		{83D0BCD4-88EB-435C-A9AC-1D9CA3772FFC}.Debug|Any CPU.ActiveCfg = Debug|Any CPU
		{83D0BCD4-88EB-435C-A9AC-1D9CA3772FFC}.Debug|Any CPU.Build.0 = Debug|Any CPU
		{83D0BCD4-88EB-435C-A9AC-1D9CA3772FFC}.Release|Any CPU.ActiveCfg = Release|Any CPU
		{83D0BCD4-88EB-435C-A9AC-1D9CA3772FFC}.Release|Any CPU.Build.0 = Release|Any CPU
	EndGlobalSection
	GlobalSection(SolutionProperties) = preSolution
		HideSolutionNode = FALSE
	EndGlobalSection
	GlobalSection(ExtensibilityGlobals) = postSolution
		SolutionGuid = {A3019DEB-616E-4018-8980-E2D28A0BBC34}
	EndGlobalSection
EndGlobal
